
Microsoft Visual Studio Solution File, Format Version 12.00
# Visual Studio Version 16
VisualStudioVersion = 16.0.30413.136
MinimumVisualStudioVersion = 10.0.40219.1
Project("{FAE04EC0-301F-11D3-BF4B-00C04F79EFBC}") = "PI approximation", "PI approximation\PI approximation.csproj", "{038D6C1F-C868-4058-BB07-9BB5DC99FAC7}"
EndProject
Global
	GlobalSection(SolutionConfigurationPlatforms) = preSolution
		Debug|Any CPU = Debug|Any CPU
		Release|Any CPU = Release|Any CPU
	EndGlobalSection
	GlobalSection(ProjectConfigurationPlatforms) = postSolution
		{038D6C1F-C868-4058-BB07-9BB5DC99FAC7}.Debug|Any CPU.ActiveCfg = Debug|Any CPU
		{038D6C1F-C868-4058-BB07-9BB5DC99FAC7}.Debug|Any CPU.Build.0 = Debug|Any CPU
		{038D6C1F-C868-4058-BB07-9BB5DC99FAC7}.Release|Any CPU.ActiveCfg = Release|Any CPU
		{038D6C1F-C868-4058-BB07-9BB5DC99FAC7}.Release|Any CPU.Build.0 = Release|Any CPU
	EndGlobalSection
	GlobalSection(SolutionProperties) = preSolution
		HideSolutionNode = FALSE
	EndGlobalSection
	GlobalSection(ExtensibilityGlobals) = postSolution
		SolutionGuid = {D01924BF-50DE-4AA0-869A-18F5A87F5CE8}
	EndGlobalSection
EndGlobal
